
Microsoft Visual Studio Solution File, Format Version 12.00
# Visual Studio Version 17
VisualStudioVersion = 17.7.34031.279
MinimumVisualStudioVersion = 10.0.40219.1
Project("{FAE04EC0-301F-11D3-BF4B-00C04F79EFBC}") = "Capa_Presentacion", "Capa_Presentacion\Capa_Presentacion.csproj", "{D17BBD10-B03D-4126-ABFB-0B8B208C3E12}"
EndProject
Project("{FAE04EC0-301F-11D3-BF4B-00C04F79EFBC}") = "Capa_Entidad", "Capa_Entidad\Capa_Entidad.csproj", "{E4FDC1A1-483F-44A0-A328-596D29EB7629}"
EndProject
Project("{FAE04EC0-301F-11D3-BF4B-00C04F79EFBC}") = "Capa_Negocio", "Capa_Negocio\Capa_Negocio.csproj", "{AB813323-9111-40C9-92AF-287DB19FEE91}"
EndProject
Project("{FAE04EC0-301F-11D3-BF4B-00C04F79EFBC}") = "Capa_Datos", "Capa_Datos\Capa_Datos.csproj", "{563F60C8-E2FB-4F83-B355-010B705CD14F}"
EndProject
Project("{54435603-DBB4-11D2-8724-00A0C9A8B90C}") = "Equipharmix", "Equipharmix\Equipharmix.vdproj", "{B369C77F-B061-07AE-216D-1B11273B44BF}"
EndProject
Global
	GlobalSection(SolutionConfigurationPlatforms) = preSolution
		Debug|Any CPU = Debug|Any CPU
		Release|Any CPU = Release|Any CPU
	EndGlobalSection
	GlobalSection(ProjectConfigurationPlatforms) = postSolution
		{D17BBD10-B03D-4126-ABFB-0B8B208C3E12}.Debug|Any CPU.ActiveCfg = Debug|Any CPU
		{D17BBD10-B03D-4126-ABFB-0B8B208C3E12}.Debug|Any CPU.Build.0 = Debug|Any CPU
		{D17BBD10-B03D-4126-ABFB-0B8B208C3E12}.Release|Any CPU.ActiveCfg = Release|Any CPU
		{D17BBD10-B03D-4126-ABFB-0B8B208C3E12}.Release|Any CPU.Build.0 = Release|Any CPU
		{E4FDC1A1-483F-44A0-A328-596D29EB7629}.Debug|Any CPU.ActiveCfg = Debug|Any CPU
		{E4FDC1A1-483F-44A0-A328-596D29EB7629}.Debug|Any CPU.Build.0 = Debug|Any CPU
		{E4FDC1A1-483F-44A0-A328-596D29EB7629}.Release|Any CPU.ActiveCfg = Release|Any CPU
		{E4FDC1A1-483F-44A0-A328-596D29EB7629}.Release|Any CPU.Build.0 = Release|Any CPU
		{AB813323-9111-40C9-92AF-287DB19FEE91}.Debug|Any CPU.ActiveCfg = Debug|Any CPU
		{AB813323-9111-40C9-92AF-287DB19FEE91}.Debug|Any CPU.Build.0 = Debug|Any CPU
		{AB813323-9111-40C9-92AF-287DB19FEE91}.Release|Any CPU.ActiveCfg = Release|Any CPU
		{AB813323-9111-40C9-92AF-287DB19FEE91}.Release|Any CPU.Build.0 = Release|Any CPU
		{563F60C8-E2FB-4F83-B355-010B705CD14F}.Debug|Any CPU.ActiveCfg = Debug|Any CPU
		{563F60C8-E2FB-4F83-B355-010B705CD14F}.Debug|Any CPU.Build.0 = Debug|Any CPU
		{563F60C8-E2FB-4F83-B355-010B705CD14F}.Release|Any CPU.ActiveCfg = Release|Any CPU
		{563F60C8-E2FB-4F83-B355-010B705CD14F}.Release|Any CPU.Build.0 = Release|Any CPU
		{B369C77F-B061-07AE-216D-1B11273B44BF}.Debug|Any CPU.ActiveCfg = Debug
		{B369C77F-B061-07AE-216D-1B11273B44BF}.Release|Any CPU.ActiveCfg = Release
	EndGlobalSection
	GlobalSection(SolutionProperties) = preSolution
		HideSolutionNode = FALSE
	EndGlobalSection
	GlobalSection(ExtensibilityGlobals) = postSolution
		SolutionGuid = {43AE69AA-84AF-4040-87A4-79AACF2DE9DD}
	EndGlobalSection
EndGlobal
